
Microsoft Visual Studio Solution File, Format Version 12.00
# Visual Studio Version 17
VisualStudioVersion = 17.7.34003.232
MinimumVisualStudioVersion = 10.0.40219.1
Project("{FAE04EC0-301F-11D3-BF4B-00C04F79EFBC}") = "StudentManagement_StudentWPF", "StudentManagement_StudentWPF\StudentManagement_StudentWPF.csproj", "{A677D751-3F65-4873-B6D0-FDD111ED52BD}"
EndProject
Global
	GlobalSection(SolutionConfigurationPlatforms) = preSolution
		Debug|Any CPU = Debug|Any CPU
		Release|Any CPU = Release|Any CPU
	EndGlobalSection
	GlobalSection(ProjectConfigurationPlatforms) = postSolution
		{A677D751-3F65-4873-B6D0-FDD111ED52BD}.Debug|Any CPU.ActiveCfg = Debug|Any CPU
		{A677D751-3F65-4873-B6D0-FDD111ED52BD}.Debug|Any CPU.Build.0 = Debug|Any CPU
		{A677D751-3F65-4873-B6D0-FDD111ED52BD}.Release|Any CPU.ActiveCfg = Release|Any CPU
		{A677D751-3F65-4873-B6D0-FDD111ED52BD}.Release|Any CPU.Build.0 = Release|Any CPU
	EndGlobalSection
	GlobalSection(SolutionProperties) = preSolution
		HideSolutionNode = FALSE
	EndGlobalSection
	GlobalSection(ExtensibilityGlobals) = postSolution
		SolutionGuid = {F616B0D6-1FE5-4794-B9FD-F492AB37861B}
	EndGlobalSection
EndGlobal
